
Microsoft Visual Studio Solution File, Format Version 12.00
# Visual Studio Version 17
VisualStudioVersion = 17.2.32630.192
MinimumVisualStudioVersion = 10.0.40219.1
Project("{FAE04EC0-301F-11D3-BF4B-00C04F79EFBC}") = "Employee management system", "Employee management system\Employee management system.csproj", "{F4FA3754-5367-480D-B398-F09187517B27}"
EndProject
Global
	GlobalSection(SolutionConfigurationPlatforms) = preSolution
		Debug|Any CPU = Debug|Any CPU
		Release|Any CPU = Release|Any CPU
	EndGlobalSection
	GlobalSection(ProjectConfigurationPlatforms) = postSolution
		{F4FA3754-5367-480D-B398-F09187517B27}.Debug|Any CPU.ActiveCfg = Debug|Any CPU
		{F4FA3754-5367-480D-B398-F09187517B27}.Debug|Any CPU.Build.0 = Debug|Any CPU
		{F4FA3754-5367-480D-B398-F09187517B27}.Release|Any CPU.ActiveCfg = Release|Any CPU
		{F4FA3754-5367-480D-B398-F09187517B27}.Release|Any CPU.Build.0 = Release|Any CPU
	EndGlobalSection
	GlobalSection(SolutionProperties) = preSolution
		HideSolutionNode = FALSE
	EndGlobalSection
	GlobalSection(ExtensibilityGlobals) = postSolution
		SolutionGuid = {AF4F8422-EE8D-4838-BEAA-611B5F7627F1}
	EndGlobalSection
EndGlobal
